
Microsoft Visual Studio Solution File, Format Version 12.00
# Visual Studio Version 17
VisualStudioVersion = 17.3.32929.385
MinimumVisualStudioVersion = 10.0.40219.1
Project("{FAE04EC0-301F-11D3-BF4B-00C04F79EFBC}") = "Benchmark.Server", "src\Benchmark.Server\Benchmark.Server.csproj", "{786F95BC-1E40-4A27-89F3-BBA11B0E9FE6}"
EndProject
Project("{FAE04EC0-301F-11D3-BF4B-00C04F79EFBC}") = "Test.Hotfix", "src\Test.Hotfix\Test.Hotfix.csproj", "{103B78FE-9AF7-459F-88E9-979D1D2B66FE}"
EndProject
Project("{FAE04EC0-301F-11D3-BF4B-00C04F79EFBC}") = "XGFramework", "src\XGFramework\XGFramework.csproj", "{9975BD5E-D062-4432-852E-9F94C361CEE0}"
EndProject
Project("{FAE04EC0-301F-11D3-BF4B-00C04F79EFBC}") = "Test.Model", "src\Test.Model\Test.Model.csproj", "{866811F9-ED1E-417A-8A22-F40489AB1A75}"
EndProject
Project("{FAE04EC0-301F-11D3-BF4B-00C04F79EFBC}") = "Benchmark.Client", "src\Benchmark.Client\Benchmark.Client.csproj", "{2541F617-AAD0-46B3-8E0C-BF7846851962}"
EndProject
Global
	GlobalSection(SolutionConfigurationPlatforms) = preSolution
		Debug|Any CPU = Debug|Any CPU
		Release|Any CPU = Release|Any CPU
	EndGlobalSection
	GlobalSection(ProjectConfigurationPlatforms) = postSolution
		{786F95BC-1E40-4A27-89F3-BBA11B0E9FE6}.Debug|Any CPU.ActiveCfg = Debug|Any CPU
		{786F95BC-1E40-4A27-89F3-BBA11B0E9FE6}.Debug|Any CPU.Build.0 = Debug|Any CPU
		{786F95BC-1E40-4A27-89F3-BBA11B0E9FE6}.Release|Any CPU.ActiveCfg = Release|Any CPU
		{786F95BC-1E40-4A27-89F3-BBA11B0E9FE6}.Release|Any CPU.Build.0 = Release|Any CPU
		{103B78FE-9AF7-459F-88E9-979D1D2B66FE}.Debug|Any CPU.ActiveCfg = Debug|Any CPU
		{103B78FE-9AF7-459F-88E9-979D1D2B66FE}.Debug|Any CPU.Build.0 = Debug|Any CPU
		{103B78FE-9AF7-459F-88E9-979D1D2B66FE}.Release|Any CPU.ActiveCfg = Release|Any CPU
		{103B78FE-9AF7-459F-88E9-979D1D2B66FE}.Release|Any CPU.Build.0 = Release|Any CPU
		{9975BD5E-D062-4432-852E-9F94C361CEE0}.Debug|Any CPU.ActiveCfg = Debug|Any CPU
		{9975BD5E-D062-4432-852E-9F94C361CEE0}.Debug|Any CPU.Build.0 = Debug|Any CPU
		{9975BD5E-D062-4432-852E-9F94C361CEE0}.Release|Any CPU.ActiveCfg = Release|Any CPU
		{9975BD5E-D062-4432-852E-9F94C361CEE0}.Release|Any CPU.Build.0 = Release|Any CPU
		{866811F9-ED1E-417A-8A22-F40489AB1A75}.Debug|Any CPU.ActiveCfg = Debug|Any CPU
		{866811F9-ED1E-417A-8A22-F40489AB1A75}.Debug|Any CPU.Build.0 = Debug|Any CPU
		{866811F9-ED1E-417A-8A22-F40489AB1A75}.Release|Any CPU.ActiveCfg = Release|Any CPU
		{866811F9-ED1E-417A-8A22-F40489AB1A75}.Release|Any CPU.Build.0 = Release|Any CPU
		{2541F617-AAD0-46B3-8E0C-BF7846851962}.Debug|Any CPU.ActiveCfg = Debug|Any CPU
		{2541F617-AAD0-46B3-8E0C-BF7846851962}.Debug|Any CPU.Build.0 = Debug|Any CPU
		{2541F617-AAD0-46B3-8E0C-BF7846851962}.Release|Any CPU.ActiveCfg = Release|Any CPU
		{2541F617-AAD0-46B3-8E0C-BF7846851962}.Release|Any CPU.Build.0 = Release|Any CPU
	EndGlobalSection
	GlobalSection(SolutionProperties) = preSolution
		HideSolutionNode = FALSE
	EndGlobalSection
	GlobalSection(ExtensibilityGlobals) = postSolution
		SolutionGuid = {5AEEB2EA-623B-4E7F-A7D9-5FAD65BE7951}
	EndGlobalSection
	GlobalSection(NestedProjects) = preSolution
	EndGlobalSection
EndGlobal
